
Microsoft Visual Studio Solution File, Format Version 12.00
# Visual Studio Version 16
VisualStudioVersion = 16.0.31313.79
MinimumVisualStudioVersion = 10.0.40219.1
Project("{2150E333-8FDC-42A3-9474-1A3956D46DE8}") = "0-Frameworks", "0-Frameworks", "{26255F8A-37AB-4740-BEC5-D0CD782B9162}"
EndProject
Project("{2150E333-8FDC-42A3-9474-1A3956D46DE8}") = "1-Domain", "1-Domain", "{22C62A0A-2829-4A89-B5CA-8EF6B6BE53E4}"
EndProject
Project("{2150E333-8FDC-42A3-9474-1A3956D46DE8}") = "2-Applications", "2-Applications", "{FDD10E65-7836-47F5-9EC1-C8C9E73D3C2D}"
EndProject
Project("{2150E333-8FDC-42A3-9474-1A3956D46DE8}") = "3-Infrastructures", "3-Infrastructures", "{0088D716-2CBC-470B-AB82-70E2FB43DA6D}"
EndProject
Project("{2150E333-8FDC-42A3-9474-1A3956D46DE8}") = "4-EndPoints", "4-EndPoints", "{BA9FB084-AEA6-4831-B109-3E7B6B4064AD}"
EndProject
Project("{2150E333-8FDC-42A3-9474-1A3956D46DE8}") = "5-Tests", "5-Tests", "{55D05117-47AE-4F63-8790-C794B08FA9BA}"
EndProject
Project("{FAE04EC0-301F-11D3-BF4B-00C04F79EFBC}") = "DRR.Framework.Contracs", "DRR.Framework.Contracs\DRR.Framework.Contracs.csproj", "{2EFDA6EC-5712-4E30-A6C8-6D6F430AE064}"
EndProject
Project("{FAE04EC0-301F-11D3-BF4B-00C04F79EFBC}") = "DRR.Utilities", "DRR.Utilities\DRR.Utilities.csproj", "{DADE79BB-CB4C-48B9-8F30-59060CC40B2C}"
EndProject
Project("{FAE04EC0-301F-11D3-BF4B-00C04F79EFBC}") = "DRR.Domain", "DRR.Domain\DRR.Domain.csproj", "{86460803-0B45-4878-9010-34B98050ADCB}"
EndProject
Project("{FAE04EC0-301F-11D3-BF4B-00C04F79EFBC}") = "DRR.Application", "DRR.Application\DRR.Application.csproj", "{A6864C21-1603-4FE0-9BDF-CAF252CA6E3E}"
EndProject
Project("{FAE04EC0-301F-11D3-BF4B-00C04F79EFBC}") = "DRR.Application.Contracts", "DRR.Application.Contracts\DRR.Application.Contracts.csproj", "{651C1934-D417-4408-8CED-4B880B0045F2}"
EndProject
Project("{FAE04EC0-301F-11D3-BF4B-00C04F79EFBC}") = "DRR.CommandDb", "DRR.CommandDb\DRR.CommandDb.csproj", "{662D572F-DB4A-4F26-852D-08C22A55F3E4}"
EndProject
Project("{FAE04EC0-301F-11D3-BF4B-00C04F79EFBC}") = "DRR.Configurations", "DRR.Configurations\DRR.Configurations.csproj", "{15E9AE63-E39F-4ED6-B6FE-F631E6ECDC15}"
EndProject
Project("{FAE04EC0-301F-11D3-BF4B-00C04F79EFBC}") = "DRR.Settings", "DRR.Settings\DRR.Settings.csproj", "{2D39239C-F0AC-4C14-93D7-C46E02362B04}"
EndProject
Project("{FAE04EC0-301F-11D3-BF4B-00C04F79EFBC}") = "DRR.Host", "DRR.Host\DRR.Host.csproj", "{788CB9F1-B673-4B03-994E-4415988043F6}"
EndProject
Project("{FAE04EC0-301F-11D3-BF4B-00C04F79EFBC}") = "DRR.IntegrationTests", "DRR.IntegrationTests\DRR.IntegrationTests.csproj", "{9C36ACDF-F996-483E-89AB-318B88E9C378}"
EndProject
Project("{FAE04EC0-301F-11D3-BF4B-00C04F79EFBC}") = "DRR.UnitTests", "DRR.UnitTests\DRR.UnitTests.csproj", "{FF838E11-FA9B-485B-9F2A-50FA82683DE2}"
EndProject
Global
	GlobalSection(SolutionConfigurationPlatforms) = preSolution
		Debug|Any CPU = Debug|Any CPU
		Release|Any CPU = Release|Any CPU
	EndGlobalSection
	GlobalSection(ProjectConfigurationPlatforms) = postSolution
		{2EFDA6EC-5712-4E30-A6C8-6D6F430AE064}.Debug|Any CPU.ActiveCfg = Debug|Any CPU
		{2EFDA6EC-5712-4E30-A6C8-6D6F430AE064}.Debug|Any CPU.Build.0 = Debug|Any CPU
		{2EFDA6EC-5712-4E30-A6C8-6D6F430AE064}.Release|Any CPU.ActiveCfg = Release|Any CPU
		{2EFDA6EC-5712-4E30-A6C8-6D6F430AE064}.Release|Any CPU.Build.0 = Release|Any CPU
		{DADE79BB-CB4C-48B9-8F30-59060CC40B2C}.Debug|Any CPU.ActiveCfg = Debug|Any CPU
		{DADE79BB-CB4C-48B9-8F30-59060CC40B2C}.Debug|Any CPU.Build.0 = Debug|Any CPU
		{DADE79BB-CB4C-48B9-8F30-59060CC40B2C}.Release|Any CPU.ActiveCfg = Release|Any CPU
		{DADE79BB-CB4C-48B9-8F30-59060CC40B2C}.Release|Any CPU.Build.0 = Release|Any CPU
		{86460803-0B45-4878-9010-34B98050ADCB}.Debug|Any CPU.ActiveCfg = Debug|Any CPU
		{86460803-0B45-4878-9010-34B98050ADCB}.Debug|Any CPU.Build.0 = Debug|Any CPU
		{86460803-0B45-4878-9010-34B98050ADCB}.Release|Any CPU.ActiveCfg = Release|Any CPU
		{86460803-0B45-4878-9010-34B98050ADCB}.Release|Any CPU.Build.0 = Release|Any CPU
		{A6864C21-1603-4FE0-9BDF-CAF252CA6E3E}.Debug|Any CPU.ActiveCfg = Debug|Any CPU
		{A6864C21-1603-4FE0-9BDF-CAF252CA6E3E}.Debug|Any CPU.Build.0 = Debug|Any CPU
		{A6864C21-1603-4FE0-9BDF-CAF252CA6E3E}.Release|Any CPU.ActiveCfg = Release|Any CPU
		{A6864C21-1603-4FE0-9BDF-CAF252CA6E3E}.Release|Any CPU.Build.0 = Release|Any CPU
		{651C1934-D417-4408-8CED-4B880B0045F2}.Debug|Any CPU.ActiveCfg = Debug|Any CPU
		{651C1934-D417-4408-8CED-4B880B0045F2}.Debug|Any CPU.Build.0 = Debug|Any CPU
		{651C1934-D417-4408-8CED-4B880B0045F2}.Release|Any CPU.ActiveCfg = Release|Any CPU
		{651C1934-D417-4408-8CED-4B880B0045F2}.Release|Any CPU.Build.0 = Release|Any CPU
		{662D572F-DB4A-4F26-852D-08C22A55F3E4}.Debug|Any CPU.ActiveCfg = Debug|Any CPU
		{662D572F-DB4A-4F26-852D-08C22A55F3E4}.Debug|Any CPU.Build.0 = Debug|Any CPU
		{662D572F-DB4A-4F26-852D-08C22A55F3E4}.Release|Any CPU.ActiveCfg = Release|Any CPU
		{662D572F-DB4A-4F26-852D-08C22A55F3E4}.Release|Any CPU.Build.0 = Release|Any CPU
		{15E9AE63-E39F-4ED6-B6FE-F631E6ECDC15}.Debug|Any CPU.ActiveCfg = Debug|Any CPU
		{15E9AE63-E39F-4ED6-B6FE-F631E6ECDC15}.Debug|Any CPU.Build.0 = Debug|Any CPU
		{15E9AE63-E39F-4ED6-B6FE-F631E6ECDC15}.Release|Any CPU.ActiveCfg = Release|Any CPU
		{15E9AE63-E39F-4ED6-B6FE-F631E6ECDC15}.Release|Any CPU.Build.0 = Release|Any CPU
		{2D39239C-F0AC-4C14-93D7-C46E02362B04}.Debug|Any CPU.ActiveCfg = Debug|Any CPU
		{2D39239C-F0AC-4C14-93D7-C46E02362B04}.Debug|Any CPU.Build.0 = Debug|Any CPU
		{2D39239C-F0AC-4C14-93D7-C46E02362B04}.Release|Any CPU.ActiveCfg = Release|Any CPU
		{2D39239C-F0AC-4C14-93D7-C46E02362B04}.Release|Any CPU.Build.0 = Release|Any CPU
		{788CB9F1-B673-4B03-994E-4415988043F6}.Debug|Any CPU.ActiveCfg = Debug|Any CPU
		{788CB9F1-B673-4B03-994E-4415988043F6}.Debug|Any CPU.Build.0 = Debug|Any CPU
		{788CB9F1-B673-4B03-994E-4415988043F6}.Release|Any CPU.ActiveCfg = Release|Any CPU
		{788CB9F1-B673-4B03-994E-4415988043F6}.Release|Any CPU.Build.0 = Release|Any CPU
		{9C36ACDF-F996-483E-89AB-318B88E9C378}.Debug|Any CPU.ActiveCfg = Debug|Any CPU
		{9C36ACDF-F996-483E-89AB-318B88E9C378}.Debug|Any CPU.Build.0 = Debug|Any CPU
		{9C36ACDF-F996-483E-89AB-318B88E9C378}.Release|Any CPU.ActiveCfg = Release|Any CPU
		{9C36ACDF-F996-483E-89AB-318B88E9C378}.Release|Any CPU.Build.0 = Release|Any CPU
		{FF838E11-FA9B-485B-9F2A-50FA82683DE2}.Debug|Any CPU.ActiveCfg = Debug|Any CPU
		{FF838E11-FA9B-485B-9F2A-50FA82683DE2}.Debug|Any CPU.Build.0 = Debug|Any CPU
		{FF838E11-FA9B-485B-9F2A-50FA82683DE2}.Release|Any CPU.ActiveCfg = Release|Any CPU
		{FF838E11-FA9B-485B-9F2A-50FA82683DE2}.Release|Any CPU.Build.0 = Release|Any CPU
	EndGlobalSection
	GlobalSection(SolutionProperties) = preSolution
		HideSolutionNode = FALSE
	EndGlobalSection
	GlobalSection(NestedProjects) = preSolution
		{2EFDA6EC-5712-4E30-A6C8-6D6F430AE064} = {26255F8A-37AB-4740-BEC5-D0CD782B9162}
		{DADE79BB-CB4C-48B9-8F30-59060CC40B2C} = {26255F8A-37AB-4740-BEC5-D0CD782B9162}
		{86460803-0B45-4878-9010-34B98050ADCB} = {22C62A0A-2829-4A89-B5CA-8EF6B6BE53E4}
		{A6864C21-1603-4FE0-9BDF-CAF252CA6E3E} = {FDD10E65-7836-47F5-9EC1-C8C9E73D3C2D}
		{651C1934-D417-4408-8CED-4B880B0045F2} = {FDD10E65-7836-47F5-9EC1-C8C9E73D3C2D}
		{662D572F-DB4A-4F26-852D-08C22A55F3E4} = {0088D716-2CBC-470B-AB82-70E2FB43DA6D}
		{15E9AE63-E39F-4ED6-B6FE-F631E6ECDC15} = {0088D716-2CBC-470B-AB82-70E2FB43DA6D}
		{2D39239C-F0AC-4C14-93D7-C46E02362B04} = {0088D716-2CBC-470B-AB82-70E2FB43DA6D}
		{788CB9F1-B673-4B03-994E-4415988043F6} = {BA9FB084-AEA6-4831-B109-3E7B6B4064AD}
		{9C36ACDF-F996-483E-89AB-318B88E9C378} = {55D05117-47AE-4F63-8790-C794B08FA9BA}
		{FF838E11-FA9B-485B-9F2A-50FA82683DE2} = {55D05117-47AE-4F63-8790-C794B08FA9BA}
	EndGlobalSection
	GlobalSection(ExtensibilityGlobals) = postSolution
		SolutionGuid = {FB86BA9A-53B0-4D15-8836-8CF25D61E9B6}
	EndGlobalSection
EndGlobal
